
Microsoft Visual Studio Solution File, Format Version 12.00
# Visual Studio Version 17
VisualStudioVersion = 17.10.35122.118
MinimumVisualStudioVersion = 10.0.40219.1
Project("{FAE04EC0-301F-11D3-BF4B-00C04F79EFBC}") = "IdentityUsage", "IdentityUsage\IdentityUsage.csproj", "{851A008E-3A39-44ED-82E7-ADDE0182D2CF}"
EndProject
Global
	GlobalSection(SolutionConfigurationPlatforms) = preSolution
		Debug|Any CPU = Debug|Any CPU
		Release|Any CPU = Release|Any CPU
	EndGlobalSection
	GlobalSection(ProjectConfigurationPlatforms) = postSolution
		{851A008E-3A39-44ED-82E7-ADDE0182D2CF}.Debug|Any CPU.ActiveCfg = Debug|Any CPU
		{851A008E-3A39-44ED-82E7-ADDE0182D2CF}.Debug|Any CPU.Build.0 = Debug|Any CPU
		{851A008E-3A39-44ED-82E7-ADDE0182D2CF}.Release|Any CPU.ActiveCfg = Release|Any CPU
		{851A008E-3A39-44ED-82E7-ADDE0182D2CF}.Release|Any CPU.Build.0 = Release|Any CPU
	EndGlobalSection
	GlobalSection(SolutionProperties) = preSolution
		HideSolutionNode = FALSE
	EndGlobalSection
	GlobalSection(ExtensibilityGlobals) = postSolution
		SolutionGuid = {BA6E79FD-D45F-404F-9DD4-5FD8BFFC3145}
	EndGlobalSection
EndGlobal
